{
  "name": "lyfilife",
  "version": "0.0.0",
  "lockfileVersion": 2,
  "requires": true,
  "packages": {
    "": {
      "name": "lyfilife",
      "version": "0.0.0",
      "dependencies": {
        "@angular/animations": "~13.0.1",
        "@angular/common": "~13.0.1",
        "@angular/compiler": "~13.0.1",
        "@angular/core": "~13.0.1",
        "@angular/forms": "~13.0.1",
        "@angular/platform-browser": "~13.0.1",
        "@angular/platform-browser-dynamic": "~13.0.1",
        "@angular/platform-server": "~13.0.1",
        "@angular/router": "~13.0.1",
        "bootstrap": "^5.1.0",
        "jquery": "^3.5.1",
        "oidc-client": "^1.11.5",
        "popper.js": "^1.16.0",
        "run-script-os": "^1.1.6",
        "rxjs": "~6.6.0",
        "tslib": "^2.1.0",
        "zone.js": "~0.11.4"
      },
      "devDependencies": {
        "@angular-devkit/build-angular": "~13.0.2",
        "@angular/cli": "~13.0.2",
        "@angular/compiler-cli": "~13.0.1",
        "@types/jasmine": "~3.6.0",
        "@types/jasminewd2": "~2.0.8",
        "@types/node": "^12.11.1",
        "jasmine-core": "~3.8.0",
        "karma": "~6.3.0",
        "karma-chrome-launcher": "~3.1.0",
        "karma-coverage": "~2.0.3",
        "karma-jasmine": "~4.0.0",
        "karma-jasmine-html-reporter": "^1.5.0",
        "typescript": "~4.4.4"
      }
    },
    "node_modules/@ampproject/remapping": {
      "version": "1.0.1",
      "resolved": "https://registry.npmjs.org/@ampproject/remapping/-/remapping-1.0.1.tgz",
      "integrity": "sha512-Ta9bMA3EtUHDaZJXqUoT5cn/EecwOp+SXpKJqxDbDuMbLvEMu6YTyDDuvTWeStODfdmXyfMo7LymQyPkN3BicA==",
      "dev": true,
      "dependencies": {
        "@jridgewell/resolve-uri": "1.0.0",
        "sourcemap-codec": "1.4.8"
      },
      "engines": {
        "node": ">=6.0.0"
      }
    },
    "node_modules/@angular-devkit/architect": {
      "version": "0.1300.2",
      "resolved": "https://registry.npmjs.org/@angular-devkit/architect/-/architect-0.1300.2.tgz",
      "integrity": "sha512-cCTPFKZlR+Szt+X/l/eo4KBYnRba2NiCpFNPVsujitm7JqCXkjab7NDlf+2XMVD8vZl/kR1hfyF6O9ywYmhEFA==",
      "dev": true,
      "dependencies": {
        "@angular-devkit/core": "13.0.2",
        "rxjs": "6.6.7"
      },
      "engines": {
        "node": "^12.20.0 || ^14.15.0 || >=16.10.0",
        "npm": "^6.11.0 || ^7.5.6 || >=8.0.0",
        "yarn": ">= 1.13.0"
      }
    },
    "node_modules/@angular-devkit/build-angular": {
      "version": "13.0.2",
      "resolved": "https://registry.npmjs.org/@angular-devkit/build-angular/-/build-angular-13.0.2.tgz",
      "integrity": "sha512-BIxRt+kgl2hrJOGzttMdhIm0P4inErZh9/aJyz6nOKa3XgsS7cDzEwph7TJqHTuEP4n+orl8hpbZOuxCUCvdVA==",
      "dev": true,
      "dependencies": {
        "@ampproject/remapping": "1.0.1",
        "@angular-devkit/architect": "0.1300.2",
        "@angular-devkit/build-webpack": "0.1300.2",
        "@angular-devkit/core": "13.0.2",
        "@babel/core": "7.15.8",
        "@babel/generator": "7.15.8",
        "@babel/helper-annotate-as-pure": "7.15.4",
        "@babel/plugin-proposal-async-generator-functions": "7.15.8",
        "@babel/plugin-transform-async-to-generator": "7.14.5",
        "@babel/plugin-transform-runtime": "7.15.8",
        "@babel/preset-env": "7.15.8",
        "@babel/runtime": "7.15.4",
        "@babel/template": "7.15.4",
        "@discoveryjs/json-ext": "0.5.5",
        "@ngtools/webpack": "13.0.2",
        "ansi-colors": "4.1.1",
        "babel-loader": "8.2.3",
        "babel-plugin-istanbul": "6.1.1",
        "browserslist": "^4.9.1",
        "cacache": "15.3.0",
        "caniuse-lite": "^1.0.30001032",
        "circular-dependency-plugin": "5.2.2",
        "copy-webpack-plugin": "9.0.1",
        "core-js": "3.19.0",
        "critters": "0.0.14",
        "css-loader": "6.5.0",
        "esbuild-wasm": "0.13.12",
        "glob": "7.2.0",
        "https-proxy-agent": "5.0.0",
        "inquirer": "8.2.0",
        "karma-source-map-support": "1.4.0",
        "less": "4.1.2",
        "less-loader": "10.2.0",
        "license-webpack-plugin": "3.0.0",
        "loader-utils": "3.0.0",
        "mini-css-extract-plugin": "2.4.3",
        "minimatch": "3.0.4",
        "open": "8.4.0",
        "ora": "5.4.1",
        "parse5-html-rewriting-stream": "6.0.1",
        "piscina": "3.1.0",
        "postcss": "8.3.11",
        "postcss-import": "14.0.2",
        "postcss-loader": "6.2.0",
        "postcss-preset-env": "6.7.0",
        "regenerator-runtime": "0.13.9",
        "resolve-url-loader": "4.0.0",
        "rxjs": "6.6.7",
        "sass": "1.43.4",
        "sass-loader": "12.3.0",
        "semver": "7.3.5",
        "source-map-loader": "3.0.0",
        "source-map-support": "0.5.20",
        "stylus": "0.55.0",
        "stylus-loader": "6.2.0",
        "terser": "5.9.0",
        "text-table": "0.2.0",
        "tree-kill": "1.2.2",
        "tslib": "2.3.1",
        "webpack": "5.60.0",
        "webpack-dev-middleware": "5.2.1",
        "webpack-dev-server": "4.4.0",
        "webpack-merge": "5.8.0",
        "webpack-subresource-integrity": "5.0.0"
      },
      "engines": {
        "node": "^12.20.0 || ^14.15.0 || >=16.10.0",
        "npm": "^6.11.0 || ^7.5.6 || >=8.0.0",
        "yarn": ">= 1.13.0"
      },
      "optionalDependencies": {
        "esbuild": "0.13.12"
      },
      "peerDependencies": {
        "@angular/compiler-cli": "^13.0.0",
        "@angular/localize": "^13.0.0",
        "@angular/service-worker": "^13.0.0",
        "karma": "^6.3.0",
        "ng-packagr": "^13.0.0",
        "protractor": "^7.0.0",
        "tailwindcss": "^2.0.0",
        "typescript": "~4.4.3"
      },
      "peerDependenciesMeta": {
        "@angular/localize": {
          "optional": true
        },
        "@angular/service-worker": {
          "optional": true
        },
        "karma": {
          "optional": true
        },
        "ng-packagr": {
          "optional": true
        },
        "protractor": {
          "optional": true
        },
        "tailwindcss": {
          "optional": true
        }
      }
    },
    "node_modules/@angular-devkit/build-webpack": {
      "version": "0.1300.2",
      "resolved": "https://registry.npmjs.org/@angular-devkit/build-webpack/-/build-webpack-0.1300.2.tgz",
      "integrity": "sha512-cl5L7VwbLlpCnaiIIcS6vOdOdDPWReN7Yhl9HIEazFNZ1MCq9lOkLWmF8cvCwmbX7hv5uibeJmHhRXiihkAwOA==",
      "dev": true,
      "dependencies": {
        "@angular-devkit/architect": "0.1300.2",
        "rxjs": "6.6.7"
      },
      "engines": {
        "node": "^12.20.0 || ^14.15.0 || >=16.10.0",
        "npm": "^6.11.0 || ^7.5.6 || >=8.0.0",
        "yarn": ">= 1.13.0"
      },
      "peerDependencies": {
        "webpack": "^5.30.0",
        "webpack-dev-server": "^4.0.0"
      }
    },
    "node_modules/@angular-devkit/core": {
      "version": "13.0.2",
      "resolved": "https://registry.npmjs.org/@angular-devkit/core/-/core-13.0.2.tgz",
      "integrity": "sha512-I4co4GH+iu0tns+UXfMtjJISO+cLpaUuiEH6kf0wF5cqjaIeluA9UjIRnxuNbdTW8iE2xVj/UWhQfHe/Ncp76w==",
      "dev": true,
      "dependencies": {
        "ajv": "8.6.3",
        "ajv-formats": "2.1.1",
        "fast-json-stable-stringify": "2.1.0",
        "magic-string": "0.25.7",
        "rxjs": "6.6.7",
        "source-map": "0.7.3"
      },
      "engines": {
        "node": "^12.20.0 || ^14.15.0 || >=16.10.0",
        "npm": "^6.11.0 || ^7.5.6 || >=8.0.0",
        "yarn": ">= 1.13.0"
      },
      "peerDependencies": {
        "chokidar": "^3.5.2"
      },
      "peerDependenciesMeta": {
        "chokidar": {
          "optional": true
        }
      }
    },
    "node_modules/@angular-devkit/schematics": {
      "version": "13.0.2",
      "resolved": "https://registry.npmjs.org/@angular-devkit/schematics/-/schematics-13.0.2.tgz",
      "integrity": "sha512-qrTe1teQptgP8gmVy6QX0T4dNfnNipEv+cM2cr7JXOmkPpwF+6oBDrTRIJ55t6rziqrXHJ3rxjKm1aHAxFrIEQ==",
      "dev": true,
      "dependencies": {
        "@angular-devkit/core": "13.0.2",
        "jsonc-parser": "3.0.0",
        "magic-string": "0.25.7",
        "ora": "5.4.1",
        "rxjs": "6.6.7"
      },
      "engines": {
        "node": "^12.20.0 || ^14.15.0 || >=16.10.0",
        "npm": "^6.11.0 || ^7.5.6 || >=8.0.0",
        "yarn": ">= 1.13.0"
      }
    },
    "node_modules/@angular/animations": {
      "version": "13.0.1",
      "resolved": "https://registry.npmjs.org/@angular/animations/-/animations-13.0.1.tgz",
      "integrity": "sha512-tT/aWbfMs4QpqA/nblLJYTb1sF/FAS2y4rGjtQ5D/tAwyIdIqLS3PKrE7eL3vdcRs9cEa94ZWnNiTkRMviP84w==",
      "dependencies": {
        "tslib": "^2.3.0"
      },
      "engines": {
        "node": "^12.20.0 || ^14.15.0 || >=16.10.0"
      },
      "peerDependencies": {
        "@angular/core": "13.0.1"
      }
    },
    "node_modules/@angular/cli": {
      "version": "13.0.2",
      "resolved": "https://registry.npmjs.org/@angular/cli/-/cli-13.0.2.tgz",
      "integrity": "sha512-eFEVZR56q1zCCBfp7e7sqmrqbHhdDd/1QGv9FYD+2HoC1VHYQf5w+NyWofQhx7a+tnGGqoR28LYzSsL7fFW8pw==",
      "dev": true,
      "hasInstallScript": true,
      "dependencies": {
        "@angular-devkit/architect": "0.1300.2",
        "@angular-devkit/core": "13.0.2",
        "@angular-devkit/schematics": "13.0.2",
        "@schematics/angular": "13.0.2",
        "@yarnpkg/lockfile": "1.1.0",
        "ansi-colors": "4.1.1",
        "debug": "4.3.2",
        "ini": "2.0.0",
        "inquirer": "8.2.0",
        "jsonc-parser": "3.0.0",
        "npm-package-arg": "8.1.5",
        "npm-pick-manifest": "6.1.1",
        "open": "8.4.0",
        "ora": "5.4.1",
        "pacote": "12.0.2",
        "resolve": "1.20.0",
        "semver": "7.3.5",
        "symbol-observable": "4.0.0",
        "uuid": "8.3.2"
      },
      "bin": {
        "ng": "bin/ng.js"
      },
      "engines": {
        "node": "^12.20.0 || ^14.15.0 || >=16.10.0",
        "npm": "^6.11.0 || ^7.5.6 || >=8.0.0",
        "yarn": ">= 1.13.0"
      }
    },
    "node_modules/@angular/common": {
      "version": "13.0.1",
      "resolved": "https://registry.npmjs.org/@angular/common/-/common-13.0.1.tgz",
      "integrity": "sha512-uFSYJ3Z+3ZotFZIpMlECOipOD9M6h7Y2743AMPBfi2cuLO5Ap9iqbHzInvZwO2ysGv/ZNn3lUXBXLGTkbM5HCQ==",
      "dependencies": {
        "tslib": "^2.3.0"
      },
      "engines": {
        "node": "^12.20.0 || ^14.15.0 || >=16.10.0"
      },
      "peerDependencies": {
        "@angular/core": "13.0.1",
        "rxjs": "^6.5.3 || ^7.4.0"
      }
    },
    "node_modules/@angular/compiler": {
      "version": "13.0.1",
      "resolved": "https://registry.npmjs.org/@angular/compiler/-/compiler-13.0.1.tgz",
      "integrity": "sha512-ruGAKIlgZmz3/y/juXj7jLoqgu+fDvGeWkqIxhDtNHrhn9u9cwK+2BZFL4BJ1Y6DIaHGLtBQXdo7kR3n71Gncw==",
      "dependencies": {
        "tslib": "^2.3.0"
      },
      "engines": {
        "node": "^12.20.0 || ^14.15.0 || >=16.10.0"
      }
    },
    "node_modules/@angular/compiler-cli": {
      "version": "13.0.1",
      "resolved": "https://registry.npmjs.org/@angular/compiler-cli/-/compiler-cli-13.0.1.tgz",
      "integrity": "sha512-YmX+8rspvfzhTi5ildkIVidd9xmmdGyI8Zo2u0qUCuHx6dtEr/s7M6H2h0FRK9Inc4Icl72dJ6erD1CanEEYpg==",
      "dev": true,
      "dependencies": {
        "@babel/core": "^7.8.6",
        "canonical-path": "1.0.0",
        "chokidar": "^3.0.0",
        "convert-source-map": "^1.5.1",
        "dependency-graph": "^0.11.0",
        "magic-string": "^0.25.0",
        "reflect-metadata": "^0.1.2",
        "semver": "^7.0.0",
        "sourcemap-codec": "^1.4.8",
        "tslib": "^2.3.0",
        "yargs": "^17.2.1"
      },
      "bin": {
        "ng-xi18n": "bundles/src/bin/ng_xi18n.js",
        "ngc": "bundles/src/bin/ngc.js",
        "ngcc": "bundles/ngcc/main-ngcc.js"
      },
      "engines": {
        "node": "^12.20.0 || ^14.15.0 || >=16.10.0"
      },
      "peerDependencies": {
        "@angular/compiler": "13.0.1",
        "typescript": ">=4.4.2 <4.5"
      }
    },
    "node_modules/@angular/core": {
      "version": "13.0.1",
      "resolved": "https://registry.npmjs.org/@angular/core/-/core-13.0.1.tgz",
      "integrity": "sha512-5VAeafT+ro2PHGEjmeg6mJhQO+R7w16c1i8EGa7iN9vBn8uYwJ9aF+/ycZruq/MKoUhQhZlwk0yoBBqqq8A7oA==",
      "dependencies": {
        "tslib": "^2.3.0"
      },
      "engines": {
        "node": "^12.20.0 || ^14.15.0 || >=16.10.0"
      },
      "peerDependencies": {
        "rxjs": "^6.5.3 || ^7.4.0",
        "zone.js": "~0.11.4"
      }
    },
    "node_modules/@angular/forms": {
      "version": "13.0.1",
      "resolved": "https://registry.npmjs.org/@angular/forms/-/forms-13.0.1.tgz",
      "integrity": "sha512-O0N7fkVz+2rld2O/1R7rLWwjs4yu5VgQUznH/OJSiL4sBUj977yCXrjfU7w3IWaDTsWRuUXopqnR8Gym6xIcVQ==",
      "dependencies": {
        "tslib": "^2.3.0"
      },
      "engines": {
        "node": "^12.20.0 || ^14.15.0 || >=16.10.0"
      },
      "peerDependencies": {
        "@angular/common": "13.0.1",
        "@angular/core": "13.0.1",
        "@angular/platform-browser": "13.0.1",
        "rxjs": "^6.5.3 || ^7.4.0"
      }
    },
    "node_modules/@angular/platform-browser": {
      "version": "13.0.1",
      "resolved": "https://registry.npmjs.org/@angular/platform-browser/-/platform-browser-13.0.1.tgz",
      "integrity": "sha512-j/4o5Y4zY06K5fEwXsT79NKygSzn8dP9mrnqOqJXK+3qgfqY3DlpVPV8h54JRz1Ru48RsKrvej/a1rPn9/6GAg==",
      "dependencies": {
        "tslib": "^2.3.0"
      },
      "engines": {
        "node": "^12.20.0 || ^14.15.0 || >=16.10.0"
      },
      "peerDependencies": {
        "@angular/animations": "13.0.1",
        "@angular/common": "13.0.1",
        "@angular/core": "13.0.1"
      },
      "peerDependenciesMeta": {
        "@angular/animations": {
          "optional": true
        }
      }
    },
    "node_modules/@angular/platform-browser-dynamic": {
      "version": "13.0.1",
      "resolved": "https://registry.npmjs.org/@angular/platform-browser-dynamic/-/platform-browser-dynamic-13.0.1.tgz",
      "integrity": "sha512-eUE7z+M4IgqdWIzJJjjlfszPMcoIstLwF/VDsMSm5lDUfn183evnXlL+bnAcj8ieh19HWNGZW06rH5qvTPY7bQ==",
      "dependencies": {
        "tslib": "^2.3.0"
      },
      "engines": {
        "node": "^12.20.0 || ^14.15.0 || >=16.10.0"
      },
      "peerDependencies": {
        "@angular/common": "13.0.1",
        "@angular/compiler": "13.0.1",
        "@angular/core": "13.0.1",
        "@angular/platform-browser": "13.0.1"
      }
    },
    "node_modules/@angular/platform-server": {
      "version": "13.0.1",
      "resolved": "https://registry.npmjs.org/@angular/platform-server/-/platform-server-13.0.1.tgz",
      "integrity": "sha512-RAPqtwxMo416jqwKDzl5qZWN/b9QLWZ6lpOoPA6a+XKbUUzNfQFZuzpIWIUcAeV72ERSyklAVRenCjlhpX5zNA==",
      "dependencies": {
        "domino": "^2.1.2",
        "tslib": "^2.3.0",
        "xhr2": "^0.2.0"
      },
      "engines": {
        "node": "^12.20.0 || ^14.15.0 || >=16.10.0"
      },
      "peerDependencies": {
        "@angular/animations": "13.0.1",
        "@angular/common": "13.0.1",
        "@angular/compiler": "13.0.1",
        "@angular/core": "13.0.1",
        "@angular/platform-browser": "13.0.1",
        "@angular/platform-browser-dynamic": "13.0.1"
      }
    },
    "node_modules/@angular/router": {
      "version": "13.0.1",
      "resolved": "https://registry.npmjs.org/@angular/router/-/router-13.0.1.tgz",
      "integrity": "sha512-qKrH+JebvJH6Gc0xO28M+nnMqrhcvkFFzy0z3/a1k/ZGbeMwTOS/Mlpz9WICg3NCI+I+imRLYl8QjzVUsgpMcA==",
      "dependencies": {
        "tslib": "^2.3.0"
      },
      "engines": {
        "node": "^12.20.0 || ^14.15.0 || >=16.10.0"
      },
      "peerDependencies": {
        "@angular/common": "13.0.1",
        "@angular/core": "13.0.1",
        "@angular/platform-browser": "13.0.1",
        "rxjs": "^6.5.3 || ^7.4.0"
      }
    },
    "node_modules/@assemblyscript/loader": {
      "version": "0.10.1",
      "resolved": "https://registry.npmjs.org/@assemblyscript/loader/-/loader-0.10.1.tgz",
      "integrity": "sha512-H71nDOOL8Y7kWRLqf6Sums+01Q5msqBW2KhDUTemh1tvY04eSkSXrK0uj/4mmY0Xr16/3zyZmsrxN7CKuRbNRg==",
      "dev": true
    },
    "node_modules/@babel/code-frame": {
      "version": "7.16.0",
      "resolved": "https://registry.npmjs.org/@babel/code-frame/-/code-frame-7.16.0.tgz",
      "integrity": "sha512-IF4EOMEV+bfYwOmNxGzSnjR2EmQod7f1UXOpZM3l4i4o4QNwzjtJAu/HxdjHq0aYBvdqMuQEY1eg0nqW9ZPORA==",
      "dev": true,
      "dependencies": {
        "@babel/highlight": "^7.16.0"
      },
      "engines": {
        "node": ">=6.9.0"
      }
    },
    "node_modules/@babel/compat-data": {
      "version": "7.16.0",
      "resolved": "https://registry.npmjs.org/@babel/compat-data/-/compat-data-7.16.0.tgz",
      "integrity": "sha512-DGjt2QZse5SGd9nfOSqO4WLJ8NN/oHkijbXbPrxuoJO3oIPJL3TciZs9FX+cOHNiY9E9l0opL8g7BmLe3T+9ew==",
      "dev": true,
      "engines": {
        "node": ">=6.9.0"
      }
    },
    "node_modules/@babel/core": {
      "version": "7.15.8",
      "resolved": "https://registry.npmjs.org/@babel/core/-/core-7.15.8.tgz",
      "integrity": "sha512-3UG9dsxvYBMYwRv+gS41WKHno4K60/9GPy1CJaH6xy3Elq8CTtvtjT5R5jmNhXfCYLX2mTw+7/aq5ak/gOE0og==",
      "dev": true,
      "dependencies": {
        "@babel/code-frame": "^7.15.8",
        "@babel/generator": "^7.15.8",
        "@babel/helper-compilation-targets": "^7.15.4",
        "@babel/helper-module-transforms": "^7.15.8",
        "@babel/helpers": "^7.15.4",
        "@babel/parser": "^7.15.8",
        "@babel/template": "^7.15.4",
        "@babel/traverse": "^7.15.4",
        "@babel/types": "^7.15.6",
        "convert-source-map": "^1.7.0",
        "debug": "^4.1.0",
        "gensync": "^1.0.0-beta.2",
        "json5": "^2.1.2",
        "semver": "^6.3.0",
        "source-map": "^0.5.0"
      },
      "engines": {
        "node": ">=6.9.0"
      },
      "funding": {
        "type": "opencollective",
        "url": "https://opencollective.com/babel"
      }
    },
    "node_modules/@babel/core/node_modules/semver": {
      "version": "6.3.0",
      "resolved": "https://registry.npmjs.org/semver/-/semver-6.3.0.tgz",
      "integrity": "sha512-b39TBaTSfV6yBrapU89p5fKekE2m/NwnDocOVruQFS1/veMgdzuPcnOM34M6CwxW8jH/lxEa5rBoDeUwu5HHTw==",
      "dev": true,
      "bin": {
        "semver": "bin/semver.js"
      }
    },
    "node_modules/@babel/core/node_modules/source-map": {
      "version": "0.5.7",
      "resolved": "https://registry.npmjs.org/source-map/-/source-map-0.5.7.tgz",
      "integrity": "sha1-igOdLRAh0i0eoUyA2OpGi6LvP8w=",
      "dev": true,
      "engines": {
        "node": ">=0.10.0"
      }
    },
    "node_modules/@babel/generator": {
      "version": "7.15.8",
      "resolved": "https://registry.npmjs.org/@babel/generator/-/generator-7.15.8.tgz",
      "integrity": "sha512-ECmAKstXbp1cvpTTZciZCgfOt6iN64lR0d+euv3UZisU5awfRawOvg07Utn/qBGuH4bRIEZKrA/4LzZyXhZr8g==",
      "dev": true,
      "dependencies": {
        "@babel/types": "^7.15.6",
        "jsesc": "^2.5.1",
        "source-map": "^0.5.0"
      },
      "engines": {
        "node": ">=6.9.0"
      }
    },
    "node_modules/@babel/generator/node_modules/source-map": {
      "version": "0.5.7",
      "resolved": "https://registry.npmjs.org/source-map/-/source-map-0.5.7.tgz",
      "integrity": "sha1-igOdLRAh0i0eoUyA2OpGi6LvP8w=",
      "dev": true,
      "engines": {
        "node": ">=0.10.0"
      }
    },
    "node_modules/@babel/helper-annotate-as-pure": {
      "version": "7.15.4",
      "resolved": "https://registry.npmjs.org/@babel/helper-annotate-as-pure/-/helper-annotate-as-pure-7.15.4.tgz",
      "integrity": "sha512-QwrtdNvUNsPCj2lfNQacsGSQvGX8ee1ttrBrcozUP2Sv/jylewBP/8QFe6ZkBsC8T/GYWonNAWJV4aRR9AL2DA==",
      "dev": true,
      "dependencies": {
        "@babel/types": "^7.15.4"
      },
      "engines": {
        "node": ">=6.9.0"
      }
    },
    "node_modules/@babel/helper-builder-binary-assignment-operator-visitor": {
      "version": "7.16.0",
      "resolved": "https://registry.npmjs.org/@babel/helper-builder-binary-assignment-operator-visitor/-/helper-builder-binary-assignment-operator-visitor-7.16.0.tgz",
      "integrity": "sha512-9KuleLT0e77wFUku6TUkqZzCEymBdtuQQ27MhEKzf9UOOJu3cYj98kyaDAzxpC7lV6DGiZFuC8XqDsq8/Kl6aQ==",
      "dev": true,
      "dependencies": {
        "@babel/helper-explode-assignable-expression": "^7.16.0",
        "@babel/types": "^7.16.0"
      },
      "engines": {
        "node": ">=6.9.0"
      }
    },
    "node_modules/@babel/helper-compilation-targets": {
      "version": "7.16.3",
      "resolved": "https://registry.npmjs.org/@babel/helper-compilation-targets/-/helper-compilation-targets-7.16.3.tgz",
      "integrity": "sha512-vKsoSQAyBmxS35JUOOt+07cLc6Nk/2ljLIHwmq2/NM6hdioUaqEXq/S+nXvbvXbZkNDlWOymPanJGOc4CBjSJA==",
      "dev": true,
      "dependencies": {
        "@babel/compat-data": "^7.16.0",
        "@babel/helper-validator-option": "^7.14.5",
        "browserslist": "^4.17.5",
        "semver": "^6.3.0"
      },
      "engines": {
        "node": ">=6.9.0"
      },
      "peerDependencies": {
        "@babel/core": "^7.0.0"
      }
    },
    "node_modules/@babel/helper-compilation-targets/node_modules/semver": {
      "version": "6.3.0",
      "resolved": "https://registry.npmjs.org/semver/-/semver-6.3.0.tgz",
      "integrity": "sha512-b39TBaTSfV6yBrapU89p5fKekE2m/NwnDocOVruQFS1/veMgdzuPcnOM34M6CwxW8jH/lxEa5rBoDeUwu5HHTw==",
      "dev": true,
      "bin": {
        "semver": "bin/semver.js"
      }
    },
    "node_modules/@babel/helper-create-class-features-plugin": {
      "version": "7.16.0",
      "resolved": "https://registry.npmjs.org/@babel/helper-create-class-features-plugin/-/helper-create-class-features-plugin-7.16.0.tgz",
      "integrity": "sha512-XLwWvqEaq19zFlF5PTgOod4bUA+XbkR4WLQBct1bkzmxJGB0ZEJaoKF4c8cgH9oBtCDuYJ8BP5NB9uFiEgO5QA==",
      "dev": true,
      "dependencies": {
        "@babel/helper-annotate-as-pure": "^7.16.0",
        "@babel/helper-function-name": "^7.16.0",
        "@babel/helper-member-expression-to-functions": "^7.16.0",
        "@babel/helper-optimise-call-expression": "^7.16.0",
        "@babel/helper-replace-supers": "^7.16.0",
        "@babel/helper-split-export-declaration": "^7.16.0"
      },
      "engines": {
        "node": ">=6.9.0"
      },
      "peerDependencies": {
        "@babel/core": "^7.0.0"
      }
    },
    "node_modules/@babel/helper-create-class-features-plugin/node_modules/@babel/helper-annotate-as-pure": {
      "version": "7.16.0",
      "resolved": "https://registry.npmjs.org/@babel/helper-annotate-as-pure/-/helper-annotate-as-pure-7.16.0.tgz",
      "integrity": "sha512-ItmYF9vR4zA8cByDocY05o0LGUkp1zhbTQOH1NFyl5xXEqlTJQCEJjieriw+aFpxo16swMxUnUiKS7a/r4vtHg==",
      "dev": true,
      "dependencies": {
        "@babel/types": "^7.16.0"
      },
      "engines": {
        "node": ">=6.9.0"
      }
    },
    "node_modules/@babel/helper-create-regexp-features-plugin": {
      "version": "7.16.0",
      "resolved": "https://registry.npmjs.org/@babel/helper-create-regexp-features-plugin/-/helper-create-regexp-features-plugin-7.16.0.tgz",
      "integrity": "sha512-3DyG0zAFAZKcOp7aVr33ddwkxJ0Z0Jr5V99y3I690eYLpukJsJvAbzTy1ewoCqsML8SbIrjH14Jc/nSQ4TvNPA==",
      "dev": true,
      "dependencies": {
        "@babel/helper-annotate-as-pure": "^7.16.0",
        "regexpu-core": "^4.7.1"
      },
      "engines": {
        "node": ">=6.9.0"
      },
      "peerDependencies": {
        "@babel/core": "^7.0.0"
      }
    },
    "node_modules/@babel/helper-create-regexp-features-plugin/node_modules/@babel/helper-annotate-as-pure": {
      "version": "7.16.0",
      "resolved": "https://registry.npmjs.org/@babel/helper-annotate-as-pure/-/helper-annotate-as-pure-7.16.0.tgz",
      "integrity": "sha512-ItmYF9vR4zA8cByDocY05o0LGUkp1zhbTQOH1NFyl5xXEqlTJQCEJjieriw+aFpxo16swMxUnUiKS7a/r4vtHg==",
      "dev": true,
      "dependencies": {
        "@babel/types": "^7.16.0"
      },
      "engines": {
        "node": ">=6.9.0"
      }
    },
    "node_modules/@babel/helper-define-polyfill-provider": {
      "version": "0.2.4",
      "resolved": "https://registry.npmjs.org/@babel/helper-define-polyfill-provider/-/helper-define-polyfill-provider-0.2.4.tgz",
      "integrity": "sha512-OrpPZ97s+aPi6h2n1OXzdhVis1SGSsMU2aMHgLcOKfsp4/v1NWpx3CWT3lBj5eeBq9cDkPkh+YCfdF7O12uNDQ==",
      "dev": true,
      "dependencies": {
        "@babel/helper-compilation-targets": "^7.13.0",
        "@babel/helper-module-imports": "^7.12.13",
        "@babel/helper-plugin-utils": "^7.13.0",
        "@babel/traverse": "^7.13.0",
        "debug": "^4.1.1",
        "lodash.debounce": "^4.0.8",
        "resolve": "^1.14.2",
        "semver": "^6.1.2"
      },
      "peerDependencies": {
        "@babel/core": "^7.4.0-0"
      }
    },
    "node_modules/@babel/helper-define-polyfill-provider/node_modules/semver": {
      "version": "6.3.0",
      "resolved": "https://registry.npmjs.org/semver/-/semver-6.3.0.tgz",
      "integrity": "sha512-b39TBaTSfV6yBrapU89p5fKekE2m/NwnDocOVruQFS1/veMgdzuPcnOM34M6CwxW8jH/lxEa5rBoDeUwu5HHTw==",
      "dev": true,
      "bin": {
        "semver": "bin/semver.js"
      }
    },
    "node_modules/@babel/helper-explode-assignable-expression": {
      "version": "7.16.0",
      "resolved": "https://registry.npmjs.org/@babel/helper-explode-assignable-expression/-/helper-explode-assignable-expression-7.16.0.tgz",
      "integrity": "sha512-Hk2SLxC9ZbcOhLpg/yMznzJ11W++lg5GMbxt1ev6TXUiJB0N42KPC+7w8a+eWGuqDnUYuwStJoZHM7RgmIOaGQ==",
      "dev": true,
      "dependencies": {
        "@babel/types": "^7.16.0"
      },
      "engines": {
        "node": ">=6.9.0"
      }
    },
    "node_modules/@babel/helper-function-name": {
      "version": "7.16.0",
      "resolved": "https://registry.npmjs.org/@babel/helper-function-name/-/helper-function-name-7.16.0.tgz",
      "integrity": "sha512-BZh4mEk1xi2h4HFjWUXRQX5AEx4rvaZxHgax9gcjdLWdkjsY7MKt5p0otjsg5noXw+pB+clMCjw+aEVYADMjog==",
      "dev": true,
      "dependencies": {
        "@babel/helper-get-function-arity": "^7.16.0",
        "@babel/template": "^7.16.0",
        "@babel/types": "^7.16.0"
      },
      "engines": {
        "node": ">=6.9.0"
      }
    },
    "node_modules/@babel/helper-function-name/node_modules/@babel/template": {
      "version": "7.16.0",
      "resolved": "https://registry.npmjs.org/@babel/template/-/template-7.16.0.tgz",
      "integrity": "sha512-MnZdpFD/ZdYhXwiunMqqgyZyucaYsbL0IrjoGjaVhGilz+x8YB++kRfygSOIj1yOtWKPlx7NBp+9I1RQSgsd5A==",
      "dev": true,
      "dependencies": {
        "@babel/code-frame": "^7.16.0",
        "@babel/parser": "^7.16.0",
        "@babel/types": "^7.16.0"
      },
      "engines": {
        "node": ">=6.9.0"
      }
    },
    "node_modules/@babel/helper-get-function-arity": {
      "version": "7.16.0",
      "resolved": "https://registry.npmjs.org/@babel/helper-get-function-arity/-/helper-get-function-arity-7.16.0.tgz",
      "integrity": "sha512-ASCquNcywC1NkYh/z7Cgp3w31YW8aojjYIlNg4VeJiHkqyP4AzIvr4qx7pYDb4/s8YcsZWqqOSxgkvjUz1kpDQ==",
      "dev": true,
      "dependencies": {
        "@babel/types": "^7.16.0"
      },
      "engines": {
        "node": ">=6.9.0"
      }
    },
    "node_modules/@babel/helper-hoist-variables": {
      "version": "7.16.0",
      "resolved": "https://registry.npmjs.org/@babel/helper-hoist-variables/-/helper-hoist-variables-7.16.0.tgz",
      "integrity": "sha512-1AZlpazjUR0EQZQv3sgRNfM9mEVWPK3M6vlalczA+EECcPz3XPh6VplbErL5UoMpChhSck5wAJHthlj1bYpcmg==",
      "dev": true,
      "dependencies": {
        "@babel/types": "^7.16.0"
      },
      "engines": {
        "node": ">=6.9.0"
      }
    },
    "node_modules/@babel/helper-member-expression-to-functions": {
      "version": "7.16.0",
      "resolved": "https://registry.npmjs.org/@babel/helper-member-expression-to-functions/-/helper-member-expression-to-functions-7.16.0.tgz",
      "integrity": "sha512-bsjlBFPuWT6IWhl28EdrQ+gTvSvj5tqVP5Xeftp07SEuz5pLnsXZuDkDD3Rfcxy0IsHmbZ+7B2/9SHzxO0T+sQ==",
      "dev": true,
      "dependencies": {
        "@babel/types": "^7.16.0"
      },
      "engines": {
        "node": ">=6.9.0"
      }
    },
    "node_modules/@babel/helper-module-imports": {
      "version": "7.16.0",
      "resolved": "https://registry.npmjs.org/@babel/helper-module-imports/-/helper-module-imports-7.16.0.tgz",
      "integrity": "sha512-kkH7sWzKPq0xt3H1n+ghb4xEMP8k0U7XV3kkB+ZGy69kDk2ySFW1qPi06sjKzFY3t1j6XbJSqr4mF9L7CYVyhg==",
      "dev": true,
      "dependencies": {
        "@babel/types": "^7.16.0"
      },
      "engines": {
        "node": ">=6.9.0"
      }
    },
    "node_modules/@babel/helper-module-transforms": {
      "version": "7.16.0",
      "resolved": "https://registry.npmjs.org/@babel/helper-module-transforms/-/helper-module-transforms-7.16.0.tgz",
      "integrity": "sha512-My4cr9ATcaBbmaEa8M0dZNA74cfI6gitvUAskgDtAFmAqyFKDSHQo5YstxPbN+lzHl2D9l/YOEFqb2mtUh4gfA==",
      "dev": true,
      "dependencies": {
        "@babel/helper-module-imports": "^7.16.0",
        "@babel/helper-replace-supers": "^7.16.0",
        "@babel/helper-simple-access": "^7.16.0",
        "@babel/helper-split-export-declaration": "^7.16.0",
        "@babel/helper-validator-identifier": "^7.15.7",
        "@babel/template": "^7.16.0",
        "@babel/traverse": "^7.16.0",
        "@babel/types": "^7.16.0"
      },
      "engines": {
        "node": ">=6.9.0"
      }
    },
    "node_modules/@babel/helper-module-transforms/node_modules/@babel/template": {
      "version": "7.16.0",
      "resolved": "https://registry.npmjs.org/@babel/template/-/template-7.16.0.tgz",
      "integrity": "sha512-MnZdpFD/ZdYhXwiunMqqgyZyucaYsbL0IrjoGjaVhGilz+x8YB++kRfygSOIj1yOtWKPlx7NBp+9I1RQSgsd5A==",
      "dev": true,
      "dependencies": {
        "@babel/code-frame": "^7.16.0",
        "@babel/parser": "^7.16.0",
        "@babel/types": "^7.16.0"
      },
      "engines": {
        "node": ">=6.9.0"
      }
    },
    "node_modules/@babel/helper-optimise-call-expression": {
      "version": "7.16.0",
      "resolved": "https://registry.npmjs.org/@babel/helper-optimise-call-expression/-/helper-optimise-call-expression-7.16.0.tgz",
      "integrity": "sha512-SuI467Gi2V8fkofm2JPnZzB/SUuXoJA5zXe/xzyPP2M04686RzFKFHPK6HDVN6JvWBIEW8tt9hPR7fXdn2Lgpw==",
      "dev": true,
      "dependencies": {
        "@babel/types": "^7.16.0"
      },
      "engines": {
        "node": ">=6.9.0"
      }
    },
    "node_modules/@babel/helper-plugin-utils": {
      "version": "7.14.5",
      "resolved": "https://registry.npmjs.org/@babel/helper-plugin-utils/-/helper-plugin-utils-7.14.5.tgz",
      "integrity": "sha512-/37qQCE3K0vvZKwoK4XU/irIJQdIfCJuhU5eKnNxpFDsOkgFaUAwbv+RYw6eYgsC0E4hS7r5KqGULUogqui0fQ==",
      "dev": true,
      "engines": {
        "node": ">=6.9.0"
      }
    },
    "node_modules/@babel/helper-remap-async-to-generator": {
      "version": "7.16.0",
      "resolved": "https://registry.npmjs.org/@babel/helper-remap-async-to-generator/-/helper-remap-async-to-generator-7.16.0.tgz",
      "integrity": "sha512-MLM1IOMe9aQBqMWxcRw8dcb9jlM86NIw7KA0Wri91Xkfied+dE0QuBFSBjMNvqzmS0OSIDsMNC24dBEkPUi7ew==",
      "dev": true,
      "dependencies": {
        "@babel/helper-annotate-as-pure": "^7.16.0",
        "@babel/helper-wrap-function": "^7.16.0",
        "@babel/types": "^7.16.0"
      },
      "engines": {
        "node": ">=6.9.0"
      }
    },
    "node_modules/@babel/helper-remap-async-to-generator/node_modules/@babel/helper-annotate-as-pure": {
      "version": "7.16.0",
      "resolved": "https://registry.npmjs.org/@babel/helper-annotate-as-pure/-/helper-annotate-as-pure-7.16.0.tgz",
      "integrity": "sha512-ItmYF9vR4zA8cByDocY05o0LGUkp1zhbTQOH1NFyl5xXEqlTJQCEJjieriw+aFpxo16swMxUnUiKS7a/r4vtHg==",
      "dev": true,
      "dependencies": {
        "@babel/types": "^7.16.0"
      },
      "engines": {
        "node": ">=6.9.0"
      }
    },
    "node_modules/@babel/helper-replace-supers": {
      "version": "7.16.0",
      "resolved": "https://registry.npmjs.org/@babel/helper-replace-supers/-/helper-replace-supers-7.16.0.tgz",
      "integrity": "sha512-TQxuQfSCdoha7cpRNJvfaYxxxzmbxXw/+6cS7V02eeDYyhxderSoMVALvwupA54/pZcOTtVeJ0xccp1nGWladA==",
      "dev": true,
      "dependencies": {
        "@babel/helper-member-expression-to-functions": "^7.16.0",
        "@babel/helper-optimise-call-expression": "^7.16.0",
        "@babel/traverse": "^7.16.0",
        "@babel/types": "^7.16.0"
      },
      "engines": {
        "node": ">=6.9.0"
      }
    },
    "node_modules/@babel/helper-simple-access": {
      "version": "7.16.0",
      "resolved": "https://registry.npmjs.org/@babel/helper-simple-access/-/helper-simple-access-7.16.0.tgz",
      "integrity": "sha512-o1rjBT/gppAqKsYfUdfHq5Rk03lMQrkPHG1OWzHWpLgVXRH4HnMM9Et9CVdIqwkCQlobnGHEJMsgWP/jE1zUiw==",
      "dev": true,
      "dependencies": {
        "@babel/types": "^7.16.0"
      },
      "engines": {
        "node": ">=6.9.0"
      }
    },
    "node_modules/@babel/helper-skip-transparent-expression-wrappers": {
      "version": "7.16.0",
      "resolved": "https://registry.npmjs.org/@babel/helper-skip-transparent-expression-wrappers/-/helper-skip-transparent-expression-wrappers-7.16.0.tgz",
      "integrity": "sha512-+il1gTy0oHwUsBQZyJvukbB4vPMdcYBrFHa0Uc4AizLxbq6BOYC51Rv4tWocX9BLBDLZ4kc6qUFpQ6HRgL+3zw==",
      "dev": true,
      "dependencies": {
        "@babel/types": "^7.16.0"
      },
      "engines": {
        "node": ">=6.9.0"
      }
    },
    "node_modules/@babel/helper-split-export-declaration": {
      "version": "7.16.0",
      "resolved": "https://registry.npmjs.org/@babel/helper-split-export-declaration/-/helper-split-export-declaration-7.16.0.tgz",
      "integrity": "sha512-0YMMRpuDFNGTHNRiiqJX19GjNXA4H0E8jZ2ibccfSxaCogbm3am5WN/2nQNj0YnQwGWM1J06GOcQ2qnh3+0paw==",
      "dev": true,
      "dependencies": {
        "@babel/types": "^7.16.0"
      },
      "engines": {
        "node": ">=6.9.0"
      }
    },
    "node_modules/@babel/helper-validator-identifier": {
      "version": "7.15.7",
      "resolved": "https://registry.npmjs.org/@babel/helper-validator-identifier/-/helper-validator-identifier-7.15.7.tgz",
      "integrity": "sha512-K4JvCtQqad9OY2+yTU8w+E82ywk/fe+ELNlt1G8z3bVGlZfn/hOcQQsUhGhW/N+tb3fxK800wLtKOE/aM0m72w==",
      "dev": true,
      "engines": {
        "node": ">=6.9.0"
      }
    },
    "node_modules/@babel/helper-validator-option": {
      "version": "7.14.5",
      "resolved": "https://registry.npmjs.org/@babel/helper-validator-option/-/helper-validator-option-7.14.5.tgz",
      "integrity": "sha512-OX8D5eeX4XwcroVW45NMvoYaIuFI+GQpA2a8Gi+X/U/cDUIRsV37qQfF905F0htTRCREQIB4KqPeaveRJUl3Ow==",
      "dev": true,
      "engines": {
        "node": ">=6.9.0"
      }
    },
    "node_modules/@babel/helper-wrap-function": {
      "version": "7.16.0",
      "resolved": "https://registry.npmjs.org/@babel/helper-wrap-function/-/helper-wrap-function-7.16.0.tgz",
      "integrity": "sha512-VVMGzYY3vkWgCJML+qVLvGIam902mJW0FvT7Avj1zEe0Gn7D93aWdLblYARTxEw+6DhZmtzhBM2zv0ekE5zg1g==",
      "dev": true,
      "dependencies": {
        "@babel/helper-function-name": "^7.16.0",
        "@babel/template": "^7.16.0",
        "@babel/traverse": "^7.16.0",
        "@babel/types": "^7.16.0"
      },
      "engines": {
        "node": ">=6.9.0"
      }
    },
    "node_modules/@babel/helper-wrap-function/node_modules/@babel/template": {
      "version": "7.16.0",
      "resolved": "https://registry.npmjs.org/@babel/template/-/template-7.16.0.tgz",
      "integrity": "sha512-MnZdpFD/ZdYhXwiunMqqgyZyucaYsbL0IrjoGjaVhGilz+x8YB++kRfygSOIj1yOtWKPlx7NBp+9I1RQSgsd5A==",
      "dev": true,
      "dependencies": {
        "@babel/code-frame": "^7.16.0",
        "@babel/parser": "^7.16.0",
        "@babel/types": "^7.16.0"
      },
      "engines": {
        "node": ">=6.9.0"
      }
    },
    "node_modules/@babel/helpers": {
      "version": "7.16.3",
      "resolved": "https://registry.npmjs.org/@babel/helpers/-/helpers-7.16.3.tgz",
      "integrity": "sha512-Xn8IhDlBPhvYTvgewPKawhADichOsbkZuzN7qz2BusOM0brChsyXMDJvldWaYMMUNiCQdQzNEioXTp3sC8Nt8w==",
      "dev": true,
      "dependencies": {
        "@babel/template": "^7.16.0",
        "@babel/traverse": "^7.16.3",
        "@babel/types": "^7.16.0"
      },
      "engines": {
        "node": ">=6.9.0"
      }
    },
    "node_modules/@babel/helpers/node_modules/@babel/template": {
      "version": "7.16.0",
      "resolved": "https://registry.npmjs.org/@babel/template/-/template-7.16.0.tgz",
      "integrity": "sha512-MnZdpFD/ZdYhXwiunMqqgyZyucaYsbL0IrjoGjaVhGilz+x8YB++kRfygSOIj1yOtWKPlx7NBp+9I1RQSgsd5A==",
      "dev": true,
      "dependencies": {
        "@babel/code-frame": "^7.16.0",
        "@babel/parser": "^7.16.0",
        "@babel/types": "^7.16.0"
      },
      "engines": {
        "node": ">=6.9.0"
      }
    },
    "node_modules/@babel/highlight": {
      "version": "7.16.0",
      "resolved": "https://registry.npmjs.org/@babel/highlight/-/highlight-7.16.0.tgz",
      "integrity": "sha512-t8MH41kUQylBtu2+4IQA3atqevA2lRgqA2wyVB/YiWmsDSuylZZuXOUy9ric30hfzauEFfdsuk/eXTRrGrfd0g==",
      "dev": true,
      "dependencies": {
        "@babel/helper-validator-identifier": "^7.15.7",
        "chalk": "^2.0.0",
        "js-tokens": "^4.0.0"
      },
      "engines": {
        "node": ">=6.9.0"
      }
    },
    "node_modules/@babel/parser": {
      "version": "7.16.3",
      "resolved": "https://registry.npmjs.org/@babel/parser/-/parser-7.16.3.tgz",
      "integrity": "sha512-dcNwU1O4sx57ClvLBVFbEgx0UZWfd0JQX5X6fxFRCLHelFBGXFfSz6Y0FAq2PEwUqlqLkdVjVr4VASEOuUnLJw==",
      "dev": true,
      "bin": {
        "parser": "bin/babel-parser.js"
      },
      "engines": {
        "node": ">=6.0.0"
      }
    },
    "node_modules/@babel/plugin-bugfix-v8-spread-parameters-in-optional-chaining": {
      "version": "7.16.0",
      "resolved": "https://registry.npmjs.org/@babel/plugin-bugfix-v8-spread-parameters-in-optional-chaining/-/plugin-bugfix-v8-spread-parameters-in-optional-chaining-7.16.0.tgz",
      "integrity": "sha512-4tcFwwicpWTrpl9qjf7UsoosaArgImF85AxqCRZlgc3IQDvkUHjJpruXAL58Wmj+T6fypWTC/BakfEkwIL/pwA==",
      "dev": true,
      "dependencies": {
        "@babel/helper-plugin-utils": "^7.14.5",
        "@babel/helper-skip-transparent-expression-wrappers": "^7.16.0",
        "@babel/plugin-proposal-optional-chaining": "^7.16.0"
      },
      "engines": {
        "node": ">=6.9.0"
      },
      "peerDependencies": {
        "@babel/core": "^7.13.0"
      }
    },
    "node_modules/@babel/plugin-proposal-async-generator-functions": {
      "version": "7.15.8",
      "resolved": "https://registry.npmjs.org/@babel/plugin-proposal-async-generator-functions/-/plugin-proposal-async-generator-functions-7.15.8.tgz",
      "integrity": "sha512-2Z5F2R2ibINTc63mY7FLqGfEbmofrHU9FitJW1Q7aPaKFhiPvSq6QEt/BoWN5oME3GVyjcRuNNSRbb9LC0CSWA==",
      "dev": true,
      "dependencies": {
        "@babel/helper-plugin-utils": "^7.14.5",
        "@babel/helper-remap-async-to-generator": "^7.15.4",
        "@babel/plugin-syntax-async-generators": "^7.8.4"
      },
      "engines": {
        "node": ">=6.9.0"
      },
      "peerDependencies": {
        "@babel/core": "^7.0.0-0"
      }
    },
    "node_modules/@babel/plugin-proposal-class-properties": {
      "version": "7.16.0",
      "resolved": "https://registry.npmjs.org/@babel/plugin-proposal-class-properties/-/plugin-proposal-class-properties-7.16.0.tgz",
      "integrity": "sha512-mCF3HcuZSY9Fcx56Lbn+CGdT44ioBMMvjNVldpKtj8tpniETdLjnxdHI1+sDWXIM1nNt+EanJOZ3IG9lzVjs7A==",
      "dev": true,
      "dependencies": {
        "@babel/helper-create-class-features-plugin": "^7.16.0",
        "@babel/helper-plugin-utils": "^7.14.5"
      },
      "engines": {
        "node": ">=6.9.0"
      },
      "peerDependencies": {
        "@babel/core": "^7.0.0-0"
      }
    },
    "node_modules/@babel/plugin-proposal-class-static-block": {
      "version": "7.16.0",
      "resolved": "https://registry.npmjs.org/@babel/plugin-proposal-class-static-block/-/plugin-proposal-class-static-block-7.16.0.tgz",
      "integrity": "sha512-mAy3sdcY9sKAkf3lQbDiv3olOfiLqI51c9DR9b19uMoR2Z6r5pmGl7dfNFqEvqOyqbf1ta4lknK4gc5PJn3mfA==",
      "dev": true,
      "dependencies": {
        "@babel/helper-create-class-features-plugin": "^7.16.0",
        "@babel/helper-plugin-utils": "^7.14.5",
        "@babel/plugin-syntax-class-static-block": "^7.14.5"
      },
      "engines": {
        "node": ">=6.9.0"
      },
      "peerDependencies": {
        "@babel/core": "^7.12.0"
      }
    },
    "node_modules/@babel/plugin-proposal-dynamic-import": {
      "version": "7.16.0",
      "resolved": "https://registry.npmjs.org/@babel/plugin-proposal-dynamic-import/-/plugin-proposal-dynamic-import-7.16.0.tgz",
      "integrity": "sha512-QGSA6ExWk95jFQgwz5GQ2Dr95cf7eI7TKutIXXTb7B1gCLTCz5hTjFTQGfLFBBiC5WSN